{
  "name": "dynamic-certificates",
  "version": "1.0.0",
  "lockfileVersion": 2,
  "requires": true,
  "packages": {
    "": {
      "name": "dynamic-certificates",
      "version": "1.0.0",
      "license": "ISC",
      "dependencies": {
        "blru": "^0.1.6",
        "node-forge": "^1.2.1"
      }
    },
    "node_modules/blru": {
      "version": "0.1.6",
      "resolved": "https://registry.npmjs.org/blru/-/blru-0.1.6.tgz",
      "integrity": "sha512-34+xZ2u4ys/aUzWCU9m6Eee4nVuN1ywdxbi8b3Z2WULU6qvnfeHvCWEdGzlVfRbbhimG2xxJX6R77GD2cuVO6w==",
      "dependencies": {
        "bsert": "~0.0.10"
      },
      "engines": {
        "node": ">=8.0.0"
      }
    },
    "node_modules/bsert": {
      "version": "0.0.10",
      "resolved": "https://registry.npmjs.org/bsert/-/bsert-0.0.10.tgz",
      "integrity": "sha512-NHNwlac+WPy4t2LoNh8pXk8uaIGH3NSaIUbTTRXGpE2WEbq0te/tDykYHkFK57YKLPjv/aGHmbqvnGeVWDz57Q==",
      "engines": {
        "node": ">=8.0.0"
      }
    },
    "node_modules/node-forge": {
      "version": "1.2.1",
      "resolved": "https://registry.npmjs.org/node-forge/-/node-forge-1.2.1.tgz",
      "integrity": "sha512-Fcvtbb+zBcZXbTTVwqGA5W+MKBj56UjVRevvchv5XrcyXbmNdesfZL37nlcWOfpgHhgmxApw3tQbTr4CqNmX4w==",
      "engines": {
        "node": ">= 6.13.0"
      }
    }
  },
  "dependencies": {
    "blru": {
      "version": "0.1.6",
      "resolved": "https://registry.npmjs.org/blru/-/blru-0.1.6.tgz",
      "integrity": "sha512-34+xZ2u4ys/aUzWCU9m6Eee4nVuN1ywdxbi8b3Z2WULU6qvnfeHvCWEdGzlVfRbbhimG2xxJX6R77GD2cuVO6w==",
      "requires": {
        "bsert": "~0.0.10"
      }
    },
    "bsert": {
      "version": "0.0.10",
      "resolved": "https://registry.npmjs.org/bsert/-/bsert-0.0.10.tgz",
      "integrity": "sha512-NHNwlac+WPy4t2LoNh8pXk8uaIGH3NSaIUbTTRXGpE2WEbq0te/tDykYHkFK57YKLPjv/aGHmbqvnGeVWDz57Q=="
    },
    "node-forge": {
      "version": "1.2.1",
      "resolved": "https://registry.npmjs.org/node-forge/-/node-forge-1.2.1.tgz",
      "integrity": "sha512-Fcvtbb+zBcZXbTTVwqGA5W+MKBj56UjVRevvchv5XrcyXbmNdesfZL37nlcWOfpgHhgmxApw3tQbTr4CqNmX4w=="
    }
  }
}
